
Microsoft Visual Studio Solution File, Format Version 12.00
# Visual Studio 2013
VisualStudioVersion = 12.0.30501.0
MinimumVisualStudioVersion = 10.0.40219.1
Project("{FAE04EC0-301F-11D3-BF4B-00C04F79EFBC}") = "SOFT331", "SOFT331\SOFT331.csproj", "{BDBEE3F3-1D37-4B32-AE5A-FFCA7C806A36}"
EndProject
Global
	GlobalSection(SolutionConfigurationPlatforms) = preSolution
		Debug|Any CPU = Debug|Any CPU
		Release|Any CPU = Release|Any CPU
	EndGlobalSection
	GlobalSection(ProjectConfigurationPlatforms) = postSolution
		{BDBEE3F3-1D37-4B32-AE5A-FFCA7C806A36}.Debug|Any CPU.ActiveCfg = Debug|Any CPU
		{BDBEE3F3-1D37-4B32-AE5A-FFCA7C806A36}.Debug|Any CPU.Build.0 = Debug|Any CPU
		{BDBEE3F3-1D37-4B32-AE5A-FFCA7C806A36}.Release|Any CPU.ActiveCfg = Release|Any CPU
		{BDBEE3F3-1D37-4B32-AE5A-FFCA7C806A36}.Release|Any CPU.Build.0 = Release|Any CPU
	EndGlobalSection
	GlobalSection(SolutionProperties) = preSolution
		HideSolutionNode = FALSE
	EndGlobalSection
EndGlobal
